
Microsoft Visual Studio Solution File, Format Version 12.00
# Visual Studio Version 17
VisualStudioVersion = 17.14.37012.4 d17.14
MinimumVisualStudioVersion = 10.0.40219.1
Project("{FAE04EC0-301F-11D3-BF4B-00C04F79EFBC}") = "NutriFlow", "NutriFlow.csproj", "{604A9384-29A1-4C9E-B143-039A5A97F9E3}"
EndProject
Global
	GlobalSection(SolutionConfigurationPlatforms) = preSolution
		Debug|Any CPU = Debug|Any CPU
		Release|Any CPU = Release|Any CPU
	EndGlobalSection
	GlobalSection(ProjectConfigurationPlatforms) = postSolution
		{604A9384-29A1-4C9E-B143-039A5A97F9E3}.Debug|Any CPU.ActiveCfg = Debug|Any CPU
		{604A9384-29A1-4C9E-B143-039A5A97F9E3}.Debug|Any CPU.Build.0 = Debug|Any CPU
		{604A9384-29A1-4C9E-B143-039A5A97F9E3}.Release|Any CPU.ActiveCfg = Release|Any CPU
		{604A9384-29A1-4C9E-B143-039A5A97F9E3}.Release|Any CPU.Build.0 = Release|Any CPU
	EndGlobalSection
	GlobalSection(SolutionProperties) = preSolution
		HideSolutionNode = FALSE
	EndGlobalSection
	GlobalSection(ExtensibilityGlobals) = postSolution
		SolutionGuid = {5B758C74-6E4C-457B-A961-47B672E717B7}
	EndGlobalSection
EndGlobal
